--- 
dependencies: 
  rails: 
    group: 
    - :default
    version: = 3.0.0.beta4
  money: 
    group: 
    - :default
    version: ~> 3.0.3
  mysql: 
    group: 
    - :default
    version: ">= 0"
  eu_central_bank: 
    group: 
    - :default
    version: ">= 0"
  ae_users_migrator: 
    group: 
    - :default
    version: ">= 0"
  devise: 
    group: 
    - :default
    version: = 1.1.rc1
  bundler: 
    group: 
    - :default
    version: ">= 0"
  json_pure: 
    group: 
    - :default
    version: ">= 0"
  devise_cas_authenticatable: 
    group: 
    - :default
    version: ">= 0"
specs: 
- rake: 
    version: 0.8.7
- abstract: 
    version: 1.0.0
- activesupport: 
    version: 3.0.0.beta4
- builder: 
    version: 2.1.2
- i18n: 
    version: 0.4.1
- activemodel: 
    version: 3.0.0.beta4
- erubis: 
    version: 2.6.6
- rack: 
    version: 1.1.0
- rack-mount: 
    version: 0.6.6
- rack-test: 
    version: 0.5.4
- tzinfo: 
    version: 0.3.22
- actionpack: 
    version: 3.0.0.beta4
- mime-types: 
    version: "1.16"
- polyglot: 
    version: 0.3.1
- treetop: 
    version: 1.4.8
- mail: 
    version: 2.2.5
- actionmailer: 
    version: 3.0.0.beta4
- arel: 
    version: 0.4.0
- activerecord: 
    version: 3.0.0.beta4
- activeresource: 
    version: 3.0.0.beta4
- ae_users_migrator: 
    version: 1.0.2
- bundler: 
    version: 0.9.26
- warden: 
    version: 0.10.7
- devise: 
    version: 1.1.rc1
- rubycas-client: 
    version: 2.1.0
- devise_cas_authenticatable: 
    version: 0.0.0
    source: 0
- money: 
    version: 3.0.4
- nokogiri: 
    version: 1.4.2
- eu_central_bank: 
    version: 0.1.0
- json_pure: 
    version: 1.4.3
- mysql: 
    version: 2.8.1
- thor: 
    version: 0.13.7
- railties: 
    version: 3.0.0.beta4
- rails: 
    version: 3.0.0.beta4
hash: c8831c8dad9a9f07bc9001108937c92f89c9873e
sources: 
- Git: 
    uri: git://github.com/nbudin/devise_cas_authenticatable
    branch: devise1.1
    git: git://github.com/nbudin/devise_cas_authenticatable
    ref: 7faed6b7fe96f32d53746725e800b883ca136b9f
- Rubygems: 
    uri: http://rubygems.org
